
Microsoft Visual Studio Solution File, Format Version 12.00
# Visual Studio 2012
VisualStudioVersion = 14.0.24720.0
MinimumVisualStudioVersion = 10.0.40219.1
Project("{FAE04EC0-301F-11D3-BF4B-00C04F79EFBC}") = "AppServer", "AppServer\AppServer.csproj", "{F08CF63C-4981-4B21-BC6E-297AF3D98BDE}"
EndProject
Project("{FAE04EC0-301F-11D3-BF4B-00C04F79EFBC}") = "ASRest", "ASAttrib\ASRest.csproj", "{A98DE288-9DD0-46E1-854A-9AAB9091547B}"
EndProject
Project("{FAE04EC0-301F-11D3-BF4B-00C04F79EFBC}") = "ASTools", "ASTools\ASTools.csproj", "{47AD25A1-D8E2-4CB8-A111-2B55380F83B1}"
EndProject
Project("{FAE04EC0-301F-11D3-BF4B-00C04F79EFBC}") = "SampleApp", "SampleApp\SampleApp.csproj", "{FBBDCCDB-5F07-4B4E-B7B1-09DE7504A5D1}"
EndProject
Global
	GlobalSection(SolutionConfigurationPlatforms) = preSolution
		Debug|Any CPU = Debug|Any CPU
		Debug|x64 = Debug|x64
		Release|Any CPU = Release|Any CPU
		Release|x64 = Release|x64
	EndGlobalSection
	GlobalSection(ProjectConfigurationPlatforms) = postSolution
		{47AD25A1-D8E2-4CB8-A111-2B55380F83B1}.Debug|Any CPU.ActiveCfg = Debug|Any CPU
		{47AD25A1-D8E2-4CB8-A111-2B55380F83B1}.Debug|Any CPU.Build.0 = Debug|Any CPU
		{47AD25A1-D8E2-4CB8-A111-2B55380F83B1}.Debug|x64.ActiveCfg = Debug|x64
		{47AD25A1-D8E2-4CB8-A111-2B55380F83B1}.Debug|x64.Build.0 = Debug|x64
		{47AD25A1-D8E2-4CB8-A111-2B55380F83B1}.Release|Any CPU.ActiveCfg = Release|Any CPU
		{47AD25A1-D8E2-4CB8-A111-2B55380F83B1}.Release|Any CPU.Build.0 = Release|Any CPU
		{47AD25A1-D8E2-4CB8-A111-2B55380F83B1}.Release|x64.ActiveCfg = Release|x64
		{47AD25A1-D8E2-4CB8-A111-2B55380F83B1}.Release|x64.Build.0 = Release|x64
		{A98DE288-9DD0-46E1-854A-9AAB9091547B}.Debug|Any CPU.ActiveCfg = Debug|Any CPU
		{A98DE288-9DD0-46E1-854A-9AAB9091547B}.Debug|Any CPU.Build.0 = Debug|Any CPU
		{A98DE288-9DD0-46E1-854A-9AAB9091547B}.Debug|x64.ActiveCfg = Debug|x64
		{A98DE288-9DD0-46E1-854A-9AAB9091547B}.Debug|x64.Build.0 = Debug|x64
		{A98DE288-9DD0-46E1-854A-9AAB9091547B}.Release|Any CPU.ActiveCfg = Release|Any CPU
		{A98DE288-9DD0-46E1-854A-9AAB9091547B}.Release|Any CPU.Build.0 = Release|Any CPU
		{A98DE288-9DD0-46E1-854A-9AAB9091547B}.Release|x64.ActiveCfg = Release|x64
		{A98DE288-9DD0-46E1-854A-9AAB9091547B}.Release|x64.Build.0 = Release|x64
		{F08CF63C-4981-4B21-BC6E-297AF3D98BDE}.Debug|Any CPU.ActiveCfg = Debug|Any CPU
		{F08CF63C-4981-4B21-BC6E-297AF3D98BDE}.Debug|Any CPU.Build.0 = Debug|Any CPU
		{F08CF63C-4981-4B21-BC6E-297AF3D98BDE}.Debug|x64.ActiveCfg = Debug|x64
		{F08CF63C-4981-4B21-BC6E-297AF3D98BDE}.Debug|x64.Build.0 = Debug|x64
		{F08CF63C-4981-4B21-BC6E-297AF3D98BDE}.Release|Any CPU.ActiveCfg = Release|Any CPU
		{F08CF63C-4981-4B21-BC6E-297AF3D98BDE}.Release|Any CPU.Build.0 = Release|Any CPU
		{F08CF63C-4981-4B21-BC6E-297AF3D98BDE}.Release|x64.ActiveCfg = Release|x64
		{F08CF63C-4981-4B21-BC6E-297AF3D98BDE}.Release|x64.Build.0 = Release|x64
		{FBBDCCDB-5F07-4B4E-B7B1-09DE7504A5D1}.Debug|Any CPU.ActiveCfg = Debug|Any CPU
		{FBBDCCDB-5F07-4B4E-B7B1-09DE7504A5D1}.Debug|Any CPU.Build.0 = Debug|Any CPU
		{FBBDCCDB-5F07-4B4E-B7B1-09DE7504A5D1}.Debug|x64.ActiveCfg = Debug|x64
		{FBBDCCDB-5F07-4B4E-B7B1-09DE7504A5D1}.Debug|x64.Build.0 = Debug|x64
		{FBBDCCDB-5F07-4B4E-B7B1-09DE7504A5D1}.Release|Any CPU.ActiveCfg = Release|Any CPU
		{FBBDCCDB-5F07-4B4E-B7B1-09DE7504A5D1}.Release|Any CPU.Build.0 = Release|Any CPU
		{FBBDCCDB-5F07-4B4E-B7B1-09DE7504A5D1}.Release|x64.ActiveCfg = Release|x64
		{FBBDCCDB-5F07-4B4E-B7B1-09DE7504A5D1}.Release|x64.Build.0 = Release|x64
	EndGlobalSection
	GlobalSection(MonoDevelopProperties) = preSolution
		Policies = $0
		$0.TextStylePolicy = $1
		$1.inheritsSet = null
		$1.scope = text/x-csharp
		$0.CSharpFormattingPolicy = $2
		$2.NamespaceBraceStyle = EndOfLine
		$2.ClassBraceStyle = EndOfLine
		$2.InterfaceBraceStyle = EndOfLine
		$2.StructBraceStyle = EndOfLine
		$2.EnumBraceStyle = EndOfLine
		$2.MethodBraceStyle = EndOfLine
		$2.ConstructorBraceStyle = EndOfLine
		$2.DestructorBraceStyle = EndOfLine
		$2.AfterDelegateDeclarationParameterComma = True
		$2.inheritsSet = Mono
		$2.inheritsScope = text/x-csharp
		$2.scope = text/x-csharp
		$0.TextStylePolicy = $3
		$3.FileWidth = 120
		$3.TabWidth = 2
		$3.IndentWidth = 2
		$3.inheritsSet = VisualStudio
		$3.inheritsScope = text/plain
		$3.scope = text/plain
		$0.TextStylePolicy = $4
		$4.inheritsSet = null
		$4.scope = application/xml
		$0.XmlFormattingPolicy = $5
		$5.inheritsSet = Mono
		$5.inheritsScope = application/xml
		$5.scope = application/xml
		$0.StandardHeader = $6
		$6.Text = 
		$6.IncludeInNewFiles = True
		$0.NameConventionPolicy = $7
		$7.Rules = $8
		$8.NamingRule = $9
		$9.Name = Namespaces
		$9.AffectedEntity = Namespace
		$9.VisibilityMask = VisibilityMask
		$9.NamingStyle = PascalCase
		$9.IncludeInstanceMembers = True
		$9.IncludeStaticEntities = True
		$8.NamingRule = $10
		$10.Name = Types
		$10.AffectedEntity = Class, Struct, Enum, Delegate
		$10.VisibilityMask = Public
		$10.NamingStyle = PascalCase
		$10.IncludeInstanceMembers = True
		$10.IncludeStaticEntities = True
		$8.NamingRule = $11
		$11.Name = Interfaces
		$11.RequiredPrefixes = $12
		$12.String = I
		$11.AffectedEntity = Interface
		$11.VisibilityMask = Public
		$11.NamingStyle = PascalCase
		$11.IncludeInstanceMembers = True
		$11.IncludeStaticEntities = True
		$8.NamingRule = $13
		$13.Name = Attributes
		$13.RequiredSuffixes = $14
		$14.String = Attribute
		$13.AffectedEntity = CustomAttributes
		$13.VisibilityMask = Public
		$13.NamingStyle = PascalCase
		$13.IncludeInstanceMembers = True
		$13.IncludeStaticEntities = True
		$8.NamingRule = $15
		$15.Name = Event Arguments
		$15.RequiredSuffixes = $16
		$16.String = EventArgs
		$15.AffectedEntity = CustomEventArgs
		$15.VisibilityMask = Public
		$15.NamingStyle = PascalCase
		$15.IncludeInstanceMembers = True
		$15.IncludeStaticEntities = True
		$8.NamingRule = $17
		$17.Name = Exceptions
		$17.RequiredSuffixes = $18
		$18.String = Exception
		$17.AffectedEntity = CustomExceptions
		$17.VisibilityMask = VisibilityMask
		$17.NamingStyle = PascalCase
		$17.IncludeInstanceMembers = True
		$17.IncludeStaticEntities = True
		$8.NamingRule = $19
		$19.Name = Methods
		$19.AffectedEntity = Methods
		$19.VisibilityMask = Protected, Public
		$19.NamingStyle = PascalCase
		$19.IncludeInstanceMembers = True
		$19.IncludeStaticEntities = True
		$8.NamingRule = $20
		$20.Name = Static Readonly Fields
		$20.AffectedEntity = ReadonlyField
		$20.VisibilityMask = Protected, Public
		$20.NamingStyle = PascalCase
		$20.IncludeInstanceMembers = False
		$20.IncludeStaticEntities = True
		$8.NamingRule = $21
		$21.Name = Fields
		$21.AffectedEntity = Field
		$21.VisibilityMask = Protected, Public
		$21.NamingStyle = PascalCase
		$21.IncludeInstanceMembers = True
		$21.IncludeStaticEntities = True
		$8.NamingRule = $22
		$22.Name = ReadOnly Fields
		$22.AffectedEntity = ReadonlyField
		$22.VisibilityMask = Protected, Public
		$22.NamingStyle = PascalCase
		$22.IncludeInstanceMembers = True
		$22.IncludeStaticEntities = False
		$8.NamingRule = $23
		$23.Name = Constant Fields
		$23.AffectedEntity = ConstantField
		$23.VisibilityMask = Protected, Public
		$23.NamingStyle = PascalCase
		$23.IncludeInstanceMembers = True
		$23.IncludeStaticEntities = True
		$8.NamingRule = $24
		$24.Name = Properties
		$24.AffectedEntity = Property
		$24.VisibilityMask = Protected, Public
		$24.NamingStyle = PascalCase
		$24.IncludeInstanceMembers = True
		$24.IncludeStaticEntities = True
		$8.NamingRule = $25
		$25.Name = Events
		$25.AffectedEntity = Event
		$25.VisibilityMask = Protected, Public
		$25.NamingStyle = PascalCase
		$25.IncludeInstanceMembers = True
		$25.IncludeStaticEntities = True
		$8.NamingRule = $26
		$26.Name = Enum Members
		$26.AffectedEntity = EnumMember
		$26.VisibilityMask = VisibilityMask
		$26.NamingStyle = PascalCase
		$26.IncludeInstanceMembers = True
		$26.IncludeStaticEntities = True
		$8.NamingRule = $27
		$27.Name = Parameters
		$27.AffectedEntity = Parameter
		$27.VisibilityMask = VisibilityMask
		$27.NamingStyle = CamelCase
		$27.IncludeInstanceMembers = True
		$27.IncludeStaticEntities = True
		$8.NamingRule = $28
		$28.Name = Type Parameters
		$28.RequiredPrefixes = $29
		$29.String = T
		$28.AffectedEntity = TypeParameter
		$28.VisibilityMask = VisibilityMask
		$28.NamingStyle = PascalCase
		$28.IncludeInstanceMembers = True
		$28.IncludeStaticEntities = True
	EndGlobalSection
	GlobalSection(SolutionProperties) = preSolution
		HideSolutionNode = FALSE
	EndGlobalSection
EndGlobal
