Microsoft Visual Studio Solution File, Format Version 12.00
# Visual Studio Version 17
VisualStudioVersion = 17.0.31903.59
MinimumVisualStudioVersion = 10.0.40219.1
Project("{FAE04EC0-301F-11D3-BF4B-00C04F79EFBC}") = "SharpBoss.Runtime.Abstractions", "SharpBoss.Runtime.Abstractions\SharpBoss.Runtime.Abstractions.csproj", "{2D00AE6E-A7D9-4BD0-9BB4-B8E83D11B90E}"
EndProject
Project("{FAE04EC0-301F-11D3-BF4B-00C04F79EFBC}") = "SharpBoss.JsonRuntime", "SharpBoss.JsonRuntime\SharpBoss.JsonRuntime.csproj", "{1C078724-24ED-4546-90F7-19051D9CBDE8}"
EndProject
Project("{FAE04EC0-301F-11D3-BF4B-00C04F79EFBC}") = "SharpBoss.Logging", "SharpBoss.Logging\SharpBoss.Logging.csproj", "{111D2B59-39B2-4B1C-A8B2-04E26735A12B}"
EndProject
Project("{FAE04EC0-301F-11D3-BF4B-00C04F79EFBC}") = "SharpBoss", "SharpBoss\SharpBoss.csproj", "{8882D539-C488-4DA4-994D-D0F2859EE4A0}"
EndProject
Project("{FAE04EC0-301F-11D3-BF4B-00C04F79EFBC}") = "SharpBoss.Tests", "SharpBoss.Tests\SharpBoss.Tests.csproj", "{6B8B20BB-F86E-4629-A1C3-D35A05F13489}"
EndProject
Global
	GlobalSection(SolutionConfigurationPlatforms) = preSolution
		Debug|Any CPU = Debug|Any CPU
		Release|Any CPU = Release|Any CPU
	EndGlobalSection
	GlobalSection(ProjectConfigurationPlatforms) = postSolution
		{2D00AE6E-A7D9-4BD0-9BB4-B8E83D11B90E}.Debug|Any CPU.ActiveCfg = Debug|Any CPU
		{2D00AE6E-A7D9-4BD0-9BB4-B8E83D11B90E}.Debug|Any CPU.Build.0 = Debug|Any CPU
		{2D00AE6E-A7D9-4BD0-9BB4-B8E83D11B90E}.Release|Any CPU.ActiveCfg = Release|Any CPU
		{2D00AE6E-A7D9-4BD0-9BB4-B8E83D11B90E}.Release|Any CPU.Build.0 = Release|Any CPU
		{1C078724-24ED-4546-90F7-19051D9CBDE8}.Debug|Any CPU.ActiveCfg = Debug|Any CPU
		{1C078724-24ED-4546-90F7-19051D9CBDE8}.Debug|Any CPU.Build.0 = Debug|Any CPU
		{1C078724-24ED-4546-90F7-19051D9CBDE8}.Release|Any CPU.ActiveCfg = Release|Any CPU
		{1C078724-24ED-4546-90F7-19051D9CBDE8}.Release|Any CPU.Build.0 = Release|Any CPU
		{111D2B59-39B2-4B1C-A8B2-04E26735A12B}.Debug|Any CPU.ActiveCfg = Debug|Any CPU
		{111D2B59-39B2-4B1C-A8B2-04E26735A12B}.Debug|Any CPU.Build.0 = Debug|Any CPU
		{111D2B59-39B2-4B1C-A8B2-04E26735A12B}.Release|Any CPU.ActiveCfg = Release|Any CPU
		{111D2B59-39B2-4B1C-A8B2-04E26735A12B}.Release|Any CPU.Build.0 = Release|Any CPU
		{8882D539-C488-4DA4-994D-D0F2859EE4A0}.Debug|Any CPU.ActiveCfg = Debug|Any CPU
		{8882D539-C488-4DA4-994D-D0F2859EE4A0}.Debug|Any CPU.Build.0 = Debug|Any CPU
		{8882D539-C488-4DA4-994D-D0F2859EE4A0}.Release|Any CPU.ActiveCfg = Release|Any CPU
		{8882D539-C488-4DA4-994D-D0F2859EE4A0}.Release|Any CPU.Build.0 = Release|Any CPU
		{6B8B20BB-F86E-4629-A1C3-D35A05F13489}.Debug|Any CPU.ActiveCfg = Debug|Any CPU
		{6B8B20BB-F86E-4629-A1C3-D35A05F13489}.Debug|Any CPU.Build.0 = Debug|Any CPU
		{6B8B20BB-F86E-4629-A1C3-D35A05F13489}.Release|Any CPU.ActiveCfg = Release|Any CPU
		{6B8B20BB-F86E-4629-A1C3-D35A05F13489}.Release|Any CPU.Build.0 = Release|Any CPU
	EndGlobalSection
	GlobalSection(SolutionProperties) = preSolution
		HideSolutionNode = FALSE
	EndGlobalSection
EndGlobal
